
Microsoft Visual Studio Solution File, Format Version 12.00
# Visual Studio Version 17
VisualStudioVersion = 17.4.33213.308
MinimumVisualStudioVersion = 10.0.40219.1
Project("{9A19103F-16F7-4668-BE54-9A1E7A4F7556}") = "UsbAdc", "UsbAdc.csproj", "{F1BE8C4E-7A29-489F-8F39-78AD58441031}"
EndProject
Global
	GlobalSection(SolutionConfigurationPlatforms) = preSolution
		Debug|Any CPU = Debug|Any CPU
		Release|Any CPU = Release|Any CPU
	EndGlobalSection
	GlobalSection(ProjectConfigurationPlatforms) = postSolution
		{F1BE8C4E-7A29-489F-8F39-78AD58441031}.Debug|Any CPU.ActiveCfg = Debug|Any CPU
		{F1BE8C4E-7A29-489F-8F39-78AD58441031}.Debug|Any CPU.Build.0 = Debug|Any CPU
		{F1BE8C4E-7A29-489F-8F39-78AD58441031}.Release|Any CPU.ActiveCfg = Release|Any CPU
		{F1BE8C4E-7A29-489F-8F39-78AD58441031}.Release|Any CPU.Build.0 = Release|Any CPU
	EndGlobalSection
	GlobalSection(SolutionProperties) = preSolution
		HideSolutionNode = FALSE
	EndGlobalSection
	GlobalSection(ExtensibilityGlobals) = postSolution
		SolutionGuid = {59467FBD-34BB-43E0-8B88-18EAC7BCE28A}
	EndGlobalSection
EndGlobal
